left_arm_0:
  constraint_poses:
  - [0, 0, 0, 0, 0, 0]
  - [0, 0, 0, 0, 0, 0]
  - [0, 0, 0, 0, 0, 0]
  target_poses:
  - [0.37422679, 0.11658636, 0.45907283, 1.0, 0.0, 0.0, 1.0e-08]
  - [0.37810684, 0.12432649, 0.39411759, 0.99993829, -2.138e-05, -9.873e-05, 0.01110838]
  - [0.36810422, 0.13598581, 0.48244119, 0.99951217, -0.01119813, -0.0256441, 0.01387078]
left_arm_1:
  constraint_poses:
  - [0, 0, 0, 0, 0, 0]
  - [0, 0, 0, 0, 0, 0]
  - [0, 0, 0, 0, 0, 0]
  target_poses:
  - [0.42332405, 0.15012234, 0.421206, 1.0, 0.0, 0.0, 1.0e-08]
  - [0.42648954, 0.15908156, 0.35626066, 0.99993629, -8.59e-06, -0.00010251, 0.01128712]
  - [0.42375645, 0.16591643, 0.43165851, 0.99980749, -0.0049355, -0.00774402, 0.01733909]
left_arm_2:
  constraint_poses:
  - [0, 0, 0, 0, 0, 0]
  - [0, 0, 0, 0, 0, 0]
  - [0, 0, 0, 0, 0, 0]
  target_poses:
  - [0.26508753, 0.15682681, 0.39885485, 1.0, 0.0, 0.0, 1.0e-08]
  - [0.26787546, 0.16189362, 0.33390415, 0.99994458, -9.013e-05, -0.00017362, 0.01052597]
  - [0.26625387, 0.1675062, 0.40930998, 0.99978993, -0.00753875, -0.01056315, 0.01586449]
left_arm_3:
  constraint_poses:
  - [0, 0, 0, 0, 0, 0]
  - [0, 0, 0, 0, 0, 0]
  - [0, 0, 0, 0, 0, 0]
  target_poses:
  - [0.38716865, 0.2045698, 0.4153347, 1.0, 0.0, 0.0, 1.0e-08]
  - [0.38902816, 0.21251695, 0.35041451, 0.99993902, -1.233e-05, -0.00016433, 0.01104258]
  - [0.38585579, 0.21861286, 0.42576015, 0.9997834, -0.00461602, -0.01003736, 0.01763807]
left_arm_4:
  constraint_poses:
  - [0, 0, 0, 0, 0, 0]
  - [0, 0, 0, 0, 0, 0]
  - [0, 0, 0, 0, 0, 0]
  target_poses:
  - [0.26284538, 0.10023534, 0.41552615, 1.0, 0.0, 0.0, 1.0e-08]
  - [0.26690589, 0.10534536, 0.35059202, 0.99994333, -0.00011084, -0.00014724, 0.01064402]
  - [0.2660502, 0.11176479, 0.42597044, 0.99980296, -0.00871312, -0.00862414, 0.01561226]
left_arm_5:
  constraint_poses:
  - [0, 0, 0, 0, 0, 0]
  - [0, 0, 0, 0, 0, 0]
  - [0, 0, 0, 0, 0, 0]
  target_poses:
  - [0.35777777, 0.07887269, 0.46141136, 1.0, 0.0, 0.0, 1.0e-08]
  - [0.3625174, 0.08627205, 0.39645791, 0.99993822, -3.552e-05, -8.313e-05, 0.01111526]
  - [0.35166505, 0.09963781, 0.48849857, 0.99922352, -0.0232353, -0.02634134, 0.0178499]
left_arm_6:
  constraint_poses:
  - [0, 0, 0, 0, 0, 0]
  - [0, 0, 0, 0, 0, 0]
  - [0, 0, 0, 0, 0, 0]
  target_poses:
  - [0.39232904, 0.11823555, 0.41765952, 1.0, 0.0, 0.0, 1.0e-08]
  - [0.396185, 0.12642726, 0.35271466, 0.99993754, -3.396e-05, -0.00011654, 0.01117589]
  - [0.39424786, 0.13329524, 0.42812717, 0.99980923, -0.00573393, -0.00787349, 0.01693016]
left_arm_7:
  constraint_poses:
  - [0, 0, 0, 0, 0, 0]
  - [0, 0, 0, 0, 0, 0]
  - [0, 0, 0, 0, 0, 0]
  target_poses:
  - [0.42280837, 0.21997766, 0.45483303, 1.0, 0.0, 0.0, 1.0e-08]
  - [0.42437621, 0.22879437, 0.38987684, 0.9999376, 5.03e-06, -8.707e-05, 0.0111712]
  - [0.40985142, 0.23702785, 0.48192668, 0.9992216, -0.01220073, -0.03209572, 0.01942188]
left_arm_8:
  constraint_poses:
  - [0, 0, 0, 0, 0, 0]
  - [0, 0, 0, 0, 0, 0]
  - [0, 0, 0, 0, 0, 0]
  target_poses:
  - [0.27328717, 0.24041094, 0.41170633, 1.0, 0.0, 0.0, 1.0e-08]
  - [0.27427131, 0.24553126, 0.34673655, 0.99994561, -2.883e-05, -0.00018107, 0.01042764]
  - [0.27043201, 0.25024873, 0.42216802, 0.99977736, -0.00448606, -0.01236483, 0.01649906]
right_arm_0:
  constraint_poses:
  - [0, 0, 0, 0, 0, 0]
  - [0, 0, 0, 0, 0, 0]
  - [0, 0, 0, 0, 0, 0]
  target_poses:
  - [0.25593291, -0.19023784, 0.40470576, 1.0, 0.0, 0.0, 1.0e-08]
  - [0.25473284, -0.18827023, 0.33973992, 0.99998952, 6.309e-05, -0.00018909, 0.00457489]
  - [0.25006187, -0.18873875, 0.41515279, 0.99987343, 0.00395228, -0.01239123, 0.00916261]
right_arm_1:
  constraint_poses:
  - [0, 0, 0, 0, 0, 0]
  - [0, 0, 0, 0, 0, 0]
  - [0, 0, 0, 0, 0, 0]
  target_poses:
  - [0.33933206, -0.09633076, 0.40871894, 1.0, 0.0, 0.0, 1.0e-08]
  - [0.33754988, -0.09392076, 0.3437978, 0.99999181, 6.203e-05, -0.00016241, 0.00404399]
  - [0.33296148, -0.09471422, 0.41917503, 0.99990628, 0.00418467, -0.01006217, 0.00828663]
right_arm_10:
  constraint_poses:
  - [0, 0, 0, 0, 0, 0]
  - [0, 0, 0, 0, 0, 0]
  - [0, 0, 0, 0, 0, 0]
  target_poses:
  - [0.40504893, -0.17516382, 0.46363699, 1.0, 0.0, 0.0, 1.0e-08]
  - [0.40398109, -0.17234465, 0.39868224, 0.99999272, -1.403e-05, -0.00011108, 0.00381501]
  - [0.38796428, -0.17582758, 0.490731, 0.99934993, 0.00776201, -0.03431752, 0.00785952]
right_arm_2:
  constraint_poses:
  - [0, 0, 0, 0, 0, 0]
  - [0, 0, 0, 0, 0, 0]
  - [0, 0, 0, 0, 0, 0]
  target_poses:
  - [0.35368684, -0.11667956, 0.41898084, 1.0, 0.0, 0.0, 1.0e-08]
  - [0.35207833, -0.11416253, 0.35405517, 0.99999194, 5.052e-05, -0.00016105, 0.00401233]
  - [0.34725278, -0.11472181, 0.42945266, 0.99990852, 0.00328004, -0.0100699, 0.00841412]
right_arm_3:
  constraint_poses:
  - [0, 0, 0, 0, 0, 0]
  - [0, 0, 0, 0, 0, 0]
  - [0, 0, 0, 0, 0, 0]
  target_poses:
  - [0.32618814, -0.15186952, 0.44828236, 1.0, 0.0, 0.0, 1.0e-08]
  - [0.32478192, -0.14946707, 0.38335657, 0.99999119, 5.65e-05, -0.00018757, 0.00419389]
  - [0.30959698, -0.1548188, 0.47541785, 0.99936681, 0.01159597, -0.03210235, 0.01004711]
right_arm_4:
  constraint_poses:
  - [0, 0, 0, 0, 0, 0]
  - [0, 0, 0, 0, 0, 0]
  - [0, 0, 0, 0, 0, 0]
  target_poses:
  - [0.31689253, -0.23567113, 0.4183979, 1.0, 0.0, 0.0, 1.0e-08]
  - [0.31612496, -0.23322737, 0.3534658, 0.99999051, 8.9e-06, -0.00020854, 0.00435257]
  - [0.31107004, -0.2326837, 0.42886484, 0.99989268, 0.00120264, -0.01249122, 0.00756022]
right_arm_5:
  constraint_poses:
  - [0, 0, 0, 0, 0, 0]
  - [0, 0, 0, 0, 0, 0]
  - [0, 0, 0, 0, 0, 0]
  target_poses:
  - [0.44075044, -0.19041386, 0.39250624, 1.0, 0.0, 0.0, 1.0e-08]
  - [0.43982492, -0.18743934, 0.32756817, 0.99999327, -1.92e-05, -0.00012535, 0.00366632]
  - [0.43554008, -0.18657631, 0.40296042, 0.99993184, 0.00051948, -0.0094335, 0.00685901]
right_arm_6:
  constraint_poses:
  - [0, 0, 0, 0, 0, 0]
  - [0, 0, 0, 0, 0, 0]
  - [0, 0, 0, 0, 0, 0]
  target_poses:
  - [0.39599285, -0.17539755, 0.45140111, 1.0, 0.0, 0.0, 1.0e-08]
  - [0.39490141, -0.17260818, 0.38644791, 0.99999248, -6.0e-06, -0.00012406, 0.00387577]
  - [0.37956191, -0.17586613, 0.47854853, 0.99940606, 0.00731641, -0.03266081, 0.00820177]
right_arm_7:
  constraint_poses:
  - [0, 0, 0, 0, 0, 0]
  - [0, 0, 0, 0, 0, 0]
  - [0, 0, 0, 0, 0, 0]
  target_poses:
  - [0.25033596, -0.17762645, 0.39681983, 1.0, 0.0, 0.0, 1.0e-08]
  - [0.24902577, -0.17571756, 0.33185434, 0.99998951, 7.816e-05, -0.00017988, 0.0045763]
  - [0.24468985, -0.17626615, 0.40727389, 0.99987138, 0.00467349, -0.01209137, 0.0094439]
right_arm_8:
  constraint_poses:
  - [0, 0, 0, 0, 0, 0]
  - [0, 0, 0, 0, 0, 0]
  - [0, 0, 0, 0, 0, 0]
  target_poses:
  - [0.36167493, -0.21981895, 0.39889383, 1.0, 0.0, 0.0, 1.0e-08]
  - [0.36083408, -0.21714987, 0.33397949, 0.99999158, 8.07e-06, -0.00019893, 0.00409985]
  - [0.35647401, -0.21637994, 0.40936244, 0.99990288, 0.00135328, -0.01183113, 0.00724057]
right_arm_9:
  constraint_poses:
  - [0, 0, 0, 0, 0, 0]
  - [0, 0, 0, 0, 0, 0]
  - [0, 0, 0, 0, 0, 0]
  target_poses:
  - [0.29318465, -0.06783037, 0.44891906, 1.0, 0.0, 0.0, 1.0e-08]
  - [0.29113503, -0.06575126, 0.38398492, 0.99999136, 9.261e-05, -0.0001479, 0.0041521]
  - [0.27807185, -0.07472069, 0.47602463, 0.99938205, 0.01876497, -0.02746015, 0.0113728]
