left_arm_0:
  constraint_poses:
  - [0, 0, 0, 0, 0, 0]
  - [1.0, 1.0, 1.0, 0.0, 0.0, 0.0]
  - [0, 0, 0, 0, 0, 0]
  - [0, 0, 0, 0, 0, 0]
  - [0, 0, 0, 0, 0, 0]
  - [0, 0, 0, 0, 0, 0]
  - [1.0, 1.0, 1.0, 0.0, 0.0, 0.0]
  - [0, 0, 0, 0, 0, 0]
  - [0, 0, 0, 0, 0, 0]
  - [0, 0, 0, 0, 0, 0]
  - [0, 0, 0, 0, 0, 0]
  target_poses:
  - [0.58440353, 0.45626941, 0.14646214, 0.55205391, -0.44185622, -0.55205734, -0.44185094]
  - [0.59973785, 0.38796964, 0.14646274, 0.55205391, -0.44185622, -0.55205734, -0.44185094]
  - [0.5974155, 0.40119547, 0.2472077, 0.55677802, -0.43485608, -0.55762515, -0.43583553]
  - [0.38962968, 0.22545068, 0.3201983, 0.55607626, -0.42656376, -0.56412391, -0.43656244]
  - [0.38962968, 0.22545068, 0.3201983, 0.55607626, -0.42656376, -0.56412391, -0.43656244]
  - [0.17815934, -0.06981438, 0.17932594, 0.70037663, 0.09801035, -0.70025585, 0.09751049]
  - [0.24548335, -0.05064468, 0.17932093, 0.70037663, 0.09801035, -0.70025585, 0.09751049]
  - [0.36358266, 0.32896009, 0.32013416, 0.56052774, -0.42075513, -0.56845504, -0.43085106]
  - [0.03621782, 0.29592389, 0.19199359, 0.7070828, 0.00706613, -0.70706005, 0.00707567]
  - [0.37826419, -0.1153766, 0.06422949, 0.71154395, -0.00631463, -0.7025302, 0.01080018]
  - [0.37826419, -0.1153766, 0.01422948, 0.71154395, -0.00631463, -0.7025302, 0.01080018]
left_arm_1:
  constraint_poses:
  - [0, 0, 0, 0, 0, 0]
  - [1.0, 1.0, 1.0, 0.0, 0.0, 0.0]
  - [0, 0, 0, 0, 0, 0]
  - [0, 0, 0, 0, 0, 0]
  - [0, 0, 0, 0, 0, 0]
  - [0, 0, 0, 0, 0, 0]
  - [1.0, 1.0, 1.0, 0.0, 0.0, 0.0]
  - [0, 0, 0, 0, 0, 0]
  - [0, 0, 0, 0, 0, 0]
  - [0, 0, 0, 0, 0, 0]
  - [0, 0, 0, 0, 0, 0]
  target_poses:
  - [0.38549275, 0.35546318, 0.14250803, 0.55812529, -0.43415348, -0.55813661, -0.43415486]
  - [0.4027156, 0.28761503, 0.1425088, 0.55812529, -0.43415348, -0.55813661, -0.43415486]
  - [0.40267273, 0.29608274, 0.24287915, 0.56264981, -0.42730448, -0.56345357, -0.42820106]
  - [0.38500162, 0.21859549, 0.32008612, 0.56327885, -0.42014573, -0.56872454, -0.42748907]
  - [0.38500162, 0.21859549, 0.32008612, 0.56327885, -0.42014573, -0.56872454, -0.42748907]
  - [0.18057032, -0.07860391, 0.17898834, 0.69912831, 0.10977062, -0.6981241, 0.10859446]
  - [0.2472324, -0.05724605, 0.17890811, 0.69912831, 0.10977062, -0.6981241, 0.10859446]
  - [0.35647866, 0.32120419, 0.3199873, 0.56771789, -0.41431567, -0.57289544, -0.42169864]
  - [0.03621782, 0.29592389, 0.19199359, 0.7070828, 0.00706613, -0.70706005, 0.00707567]
  - [0.41711155, -0.13326357, 0.05887908, 0.71088962, -0.0050266, -0.70316495, 0.01302819]
  - [0.41711155, -0.13326357, 0.00887913, 0.71088962, -0.0050266, -0.70316495, 0.01302819]
left_arm_10:
  constraint_poses:
  - [0, 0, 0, 0, 0, 0]
  - [1.0, 1.0, 1.0, 0.0, 0.0, 0.0]
  - [0, 0, 0, 0, 0, 0]
  - [0, 0, 0, 0, 0, 0]
  - [0, 0, 0, 0, 0, 0]
  - [0, 0, 0, 0, 0, 0]
  - [1.0, 1.0, 1.0, 0.0, 0.0, 0.0]
  - [0, 0, 0, 0, 0, 0]
  - [0, 0, 0, 0, 0, 0]
  - [0, 0, 0, 0, 0, 0]
  - [0, 0, 0, 0, 0, 0]
  target_poses:
  - [0.55836608, 0.36020902, 0.13540614, 0.5602674, -0.43139443, -0.56027017, -0.43138918]
  - [0.57625839, 0.29253432, 0.13540667, 0.5602674, -0.43139443, -0.56027017, -0.43138918]
  - [0.57616636, 0.30553949, 0.23627615, 0.56480248, -0.42405596, -0.56602218, -0.42519829]
  - [0.38142617, 0.22186546, 0.32038736, 0.56464501, -0.41630201, -0.5718784, -0.42523375]
  - [0.38142617, 0.22186546, 0.32038736, 0.56464501, -0.41630201, -0.5718784, -0.42523375]
  - [0.18199946, -0.08162971, 0.17939645, 0.69795014, 0.11294993, -0.69815411, 0.11264435]
  - [0.24843695, -0.05958299, 0.17942119, 0.69795014, 0.11294993, -0.69815411, 0.11264435]
  - [0.35181082, 0.32405677, 0.32024121, 0.56904746, -0.41044881, -0.5760115, -0.41943714]
  - [0.03621782, 0.29592389, 0.19199359, 0.7070828, 0.00706613, -0.70706005, 0.00707567]
  - [0.37882929, -0.19858113, 0.05350447, 0.71039952, -0.00892312, -0.70352687, 0.01740263]
  - [0.37882929, -0.19858113, 0.00350446, 0.71039952, -0.00892312, -0.70352687, 0.01740263]
left_arm_11:
  constraint_poses:
  - [0, 0, 0, 0, 0, 0]
  - [1.0, 1.0, 1.0, 0.0, 0.0, 0.0]
  - [0, 0, 0, 0, 0, 0]
  - [0, 0, 0, 0, 0, 0]
  - [0, 0, 0, 0, 0, 0]
  - [0, 0, 0, 0, 0, 0]
  - [1.0, 1.0, 1.0, 0.0, 0.0, 0.0]
  - [0, 0, 0, 0, 0, 0]
  - [0, 0, 0, 0, 0, 0]
  - [0, 0, 0, 0, 0, 0]
  - [0, 0, 0, 0, 0, 0]
  target_poses:
  - [0.31160977, 0.33399609, 0.13462299, 0.60810094, -0.36085033, -0.60810423, -0.36084558]
  - [0.34515062, 0.27255496, 0.13462347, 0.60810094, -0.36085033, -0.60810423, -0.36084558]
  - [0.34541542, 0.27953765, 0.23487568, 0.61176088, -0.35357687, -0.61240951, -0.35452309]
  - [0.33421358, 0.1935688, 0.32042956, 0.6144079, -0.34888768, -0.61478374, -0.35045866]
  - [0.33421358, 0.1935688, 0.32042956, 0.6144079, -0.34888768, -0.61478374, -0.35045866]
  - [0.21231664, -0.14634576, 0.17867351, 0.67916405, 0.19920434, -0.67826649, 0.1975054]
  - [0.27130009, -0.10865024, 0.17863542, 0.67916405, 0.19920434, -0.67826649, 0.1975054]
  - [0.28349493, 0.28472906, 0.32038867, 0.61814943, -0.34250936, -0.61820235, -0.34409952]
  - [0.03621782, 0.29592389, 0.19199359, 0.7070828, 0.00706613, -0.70706005, 0.00707567]
  - [0.41783974, -0.1255627, 0.05085099, 0.71043775, -0.00565969, -0.70369588, 0.00763489]
  - [0.41783974, -0.1255627, 0.00085098, 0.71043775, -0.00565969, -0.70369588, 0.00763489]
left_arm_12:
  constraint_poses:
  - [0, 0, 0, 0, 0, 0]
  - [1.0, 1.0, 1.0, 0.0, 0.0, 0.0]
  - [0, 0, 0, 0, 0, 0]
  - [0, 0, 0, 0, 0, 0]
  - [0, 0, 0, 0, 0, 0]
  - [0, 0, 0, 0, 0, 0]
  - [1.0, 1.0, 1.0, 0.0, 0.0, 0.0]
  - [0, 0, 0, 0, 0, 0]
  - [0, 0, 0, 0, 0, 0]
  - [0, 0, 0, 0, 0, 0]
  - [0, 0, 0, 0, 0, 0]
  target_poses:
  - [0.42933598, 0.42640868, 0.14541572, 0.61963282, -0.34065766, -0.61964345, -0.34066043]
  - [0.46684238, 0.3673048, 0.1454165, 0.61963282, -0.34065766, -0.61964345, -0.34066043]
  - [0.46497129, 0.37737364, 0.24605274, 0.62309082, -0.33284827, -0.62403642, -0.33398864]
  - [0.31938193, 0.18810472, 0.32047772, 0.62371044, -0.32436348, -0.62815934, -0.33345083]
  - [0.31938193, 0.18810472, 0.32047772, 0.62371044, -0.32436348, -0.62815934, -0.33345083]
  - [0.22188571, -0.16072975, 0.17956221, 0.67247649, 0.21801886, -0.67301475, 0.21747251]
  - [0.27860999, -0.11971328, 0.17962956, 0.67247649, 0.21801886, -0.67301475, 0.21747251]
  - [0.26318283, 0.27513817, 0.32047153, 0.62710481, -0.3179919, -0.63133754, -0.32715993]
  - [0.03621782, 0.29592389, 0.19199359, 0.7070828, 0.00706613, -0.70706005, 0.00707567]
  - [0.41735799, -0.15905131, 0.062711, 0.70924709, -0.00970056, -0.70471592, 0.01580945]
  - [0.41735799, -0.15905131, 0.01271099, 0.70924709, -0.00970056, -0.70471592, 0.01580945]
left_arm_13:
  constraint_poses:
  - [0, 0, 0, 0, 0, 0]
  - [1.0, 1.0, 1.0, 0.0, 0.0, 0.0]
  - [0, 0, 0, 0, 0, 0]
  - [0, 0, 0, 0, 0, 0]
  - [0, 0, 0, 0, 0, 0]
  - [0, 0, 0, 0, 0, 0]
  - [1.0, 1.0, 1.0, 0.0, 0.0, 0.0]
  - [0, 0, 0, 0, 0, 0]
  - [0, 0, 0, 0, 0, 0]
  - [0, 0, 0, 0, 0, 0]
  - [0, 0, 0, 0, 0, 0]
  target_poses:
  - [0.55507625, 0.47747445, 0.15546256, 0.56045304, -0.43115206, -0.56045648, -0.43114826]
  - [0.57302692, 0.40981522, 0.15546304, 0.56045304, -0.43115206, -0.56045648, -0.43114826]
  - [0.57017121, 0.42242232, 0.25620425, 0.565115, -0.42408063, -0.56583876, -0.42500254]
  - [0.38108268, 0.22250961, 0.32025099, 0.56471661, -0.41588487, -0.57197632, -0.42541512]
  - [0.38108268, 0.22250961, 0.32025099, 0.56471661, -0.41588487, -0.57197632, -0.42541512]
  - [0.18143226, -0.08040739, 0.1792838, 0.69838204, 0.11149186, -0.69824115, 0.11086653]
  - [0.24797123, -0.05866882, 0.17927974, 0.69838204, 0.11149186, -0.69824115, 0.11086653]
  - [0.35142398, 0.32473287, 0.32016277, 0.56912754, -0.40999097, -0.57615054, -0.41958527]
  - [0.03621782, 0.29592389, 0.19199359, 0.7070828, 0.00706613, -0.70706005, 0.00707567]
  - [0.37965192, -0.10846613, 0.07340592, 0.71171658, -0.00617565, -0.70239186, 0.00818886]
  - [0.37965192, -0.10846613, 0.02340591, 0.71171658, -0.00617565, -0.70239186, 0.00818886]
left_arm_14:
  constraint_poses:
  - [0, 0, 0, 0, 0, 0]
  - [1.0, 1.0, 1.0, 0.0, 0.0, 0.0]
  - [0, 0, 0, 0, 0, 0]
  - [0, 0, 0, 0, 0, 0]
  - [0, 0, 0, 0, 0, 0]
  - [0, 0, 0, 0, 0, 0]
  - [1.0, 1.0, 1.0, 0.0, 0.0, 0.0]
  - [0, 0, 0, 0, 0, 0]
  - [0, 0, 0, 0, 0, 0]
  - [0, 0, 0, 0, 0, 0]
  - [0, 0, 0, 0, 0, 0]
  target_poses:
  - [0.50728316, 0.33947742, 0.13669598, 0.56753191, -0.42178241, -0.56754329, -0.421784]
  - [0.52747085, 0.27245164, 0.13669676, 0.56753191, -0.42178241, -0.56754329, -0.421784]
  - [0.52782879, 0.28414604, 0.23753405, 0.57188764, -0.41448619, -0.57309169, -0.41558591]
  - [0.37442077, 0.21797112, 0.32035577, 0.57173839, -0.40649455, -0.57890248, -0.41563123]
  - [0.37442077, 0.21797112, 0.32035577, 0.57173839, -0.40649455, -0.57890248, -0.41563123]
  - [0.18527962, -0.09091359, 0.17945915, 0.69579278, 0.12462876, -0.69630191, 0.12451395]
  - [0.25093455, -0.06663547, 0.17951077, 0.69579278, 0.12462876, -0.69630191, 0.12451395]
  - [0.34169434, 0.31899798, 0.32018244, 0.57613026, -0.40049751, -0.58296068, -0.40967367]
  - [0.03621782, 0.29592389, 0.19199359, 0.7070828, 0.00706613, -0.70706005, 0.00707567]
  - [0.41321629, -0.14667201, 0.05447197, 0.71049993, -0.0029633, -0.70364138, 0.0083589]
  - [0.41321629, -0.14667201, 0.00447196, 0.71049993, -0.0029633, -0.70364138, 0.0083589]
left_arm_15:
  constraint_poses:
  - [0, 0, 0, 0, 0, 0]
  - [1.0, 1.0, 1.0, 0.0, 0.0, 0.0]
  - [0, 0, 0, 0, 0, 0]
  - [0, 0, 0, 0, 0, 0]
  - [0, 0, 0, 0, 0, 0]
  - [0, 0, 0, 0, 0, 0]
  - [1.0, 1.0, 1.0, 0.0, 0.0, 0.0]
  - [0, 0, 0, 0, 0, 0]
  - [0, 0, 0, 0, 0, 0]
  - [0, 0, 0, 0, 0, 0]
  - [0, 0, 0, 0, 0, 0]
  target_poses:
  - [0.54957737, 0.50359309, 0.13883722, 0.59191675, -0.38681783, -0.59192693, -0.38681913]
  - [0.57768137, 0.43948251, 0.13883799, 0.59191675, -0.38681783, -0.59192693, -0.38681913]
  - [0.57411208, 0.45238906, 0.23963147, 0.59604834, -0.37913948, -0.59695029, -0.38030249]
  - [0.3476667, 0.209433, 0.32028127, 0.59570726, -0.37047284, -0.60247771, -0.38066171]
  - [0.3476667, 0.209433, 0.32028127, 0.59570726, -0.37047284, -0.60247771, -0.38066171]
  - [0.19893352, -0.12288982, 0.17937219, 0.68731131, 0.1662117, -0.68740932, 0.16566612]
  - [0.26122352, -0.09095308, 0.1793943, 0.68731131, 0.1662117, -0.68740932, 0.16566612]
  - [0.30402806, 0.30503881, 0.32021487, 0.59960658, -0.36426217, -0.60622123, -0.37454085]
  - [0.03621782, 0.29592389, 0.19199359, 0.7070828, 0.00706613, -0.70706005, 0.00707567]
  - [0.40278365, -0.19202939, 0.05642122, 0.71109671, -0.00737479, -0.7029504, 0.01215762]
  - [0.40278365, -0.19202939, 0.00642121, 0.71109671, -0.00737479, -0.7029504, 0.01215762]
left_arm_16:
  constraint_poses:
  - [0, 0, 0, 0, 0, 0]
  - [1.0, 1.0, 1.0, 0.0, 0.0, 0.0]
  - [0, 0, 0, 0, 0, 0]
  - [0, 0, 0, 0, 0, 0]
  - [0, 0, 0, 0, 0, 0]
  - [0, 0, 0, 0, 0, 0]
  - [1.0, 1.0, 1.0, 0.0, 0.0, 0.0]
  - [0, 0, 0, 0, 0, 0]
  - [0, 0, 0, 0, 0, 0]
  - [0, 0, 0, 0, 0, 0]
  - [0, 0, 0, 0, 0, 0]
  target_poses:
  - [0.43562824, 0.40469944, 0.13292342, 0.5558023, -0.43712328, -0.55581373, -0.43712485]
  - [0.45212656, 0.33667147, 0.1329242, 0.5558023, -0.43712328, -0.55581373, -0.43712485]
  - [0.45097298, 0.34633243, 0.23339546, 0.56047186, -0.43027344, -0.56114385, -0.43110747]
  - [0.38677695, 0.2207974, 0.32004619, 0.55999122, -0.42151952, -0.56764071, -0.43187399]
  - [0.38677695, 0.2207974, 0.32004619, 0.55999122, -0.42151952, -0.56764071, -0.43187399]
  - [0.17934759, -0.07546997, 0.17916948, 0.69959387, 0.10542029, -0.69896286, 0.10443137]
  - [0.24626492, -0.05492566, 0.17912227, 0.69959387, 0.10542029, -0.69896286, 0.10443137]
  - [0.35917099, 0.32380864, 0.32001758, 0.56444611, -0.41564429, -0.57192541, -0.42607716]
  - [0.03621782, 0.29592389, 0.19199359, 0.7070828, 0.00706613, -0.70706005, 0.00707567]
  - [0.3845388, -0.17675357, 0.05098295, 0.71266802, -0.00760919, -0.70137877, 0.01068654]
  - [0.3845388, -0.17675357, 0.00098294, 0.71266802, -0.00760919, -0.70137877, 0.01068654]
left_arm_17:
  constraint_poses:
  - [0, 0, 0, 0, 0, 0]
  - [1.0, 1.0, 1.0, 0.0, 0.0, 0.0]
  - [0, 0, 0, 0, 0, 0]
  - [0, 0, 0, 0, 0, 0]
  - [0, 0, 0, 0, 0, 0]
  - [0, 0, 0, 0, 0, 0]
  - [1.0, 1.0, 1.0, 0.0, 0.0, 0.0]
  - [0, 0, 0, 0, 0, 0]
  - [0, 0, 0, 0, 0, 0]
  - [0, 0, 0, 0, 0, 0]
  - [0, 0, 0, 0, 0, 0]
  target_poses:
  - [0.56140356, 0.35798147, 0.14764124, 0.56659715, -0.423037, -0.56660877, -0.42303885]
  - [0.58129446, 0.290867, 0.14764202, 0.56659715, -0.423037, -0.56660877, -0.42303885]
  - [0.58122931, 0.30407599, 0.24850428, 0.57104003, -0.41553624, -0.57233126, -0.41674914]
  - [0.37486485, 0.21978167, 0.32047725, 0.57129334, -0.40823477, -0.57760244, -0.41634567]
  - [0.37486485, 0.21978167, 0.32047725, 0.57129334, -0.40823477, -0.57760244, -0.41634567]
  - [0.18499876, -0.08943291, 0.17930573, 0.69625089, 0.12341828, -0.69636507, 0.12279379]
  - [0.25075532, -0.06543139, 0.17932767, 0.69625089, 0.12341828, -0.69636507, 0.12279379]
  - [0.3425162, 0.32097706, 0.32032108, 0.57570984, -0.40224203, -0.58167337, -0.41038473]
  - [0.03621782, 0.29592389, 0.19199359, 0.7070828, 0.00706613, -0.70706005, 0.00707567]
  - [0.42123886, -0.1367562, 0.06622815, 0.71195056, -0.009359, -0.70216165, 0.00279846]
  - [0.42123886, -0.1367562, 0.01622814, 0.71195056, -0.009359, -0.70216165, 0.00279846]
left_arm_18:
  constraint_poses:
  - [0, 0, 0, 0, 0, 0]
  - [1.0, 1.0, 1.0, 0.0, 0.0, 0.0]
  - [0, 0, 0, 0, 0, 0]
  - [0, 0, 0, 0, 0, 0]
  - [0, 0, 0, 0, 0, 0]
  - [0, 0, 0, 0, 0, 0]
  - [1.0, 1.0, 1.0, 0.0, 0.0, 0.0]
  - [0, 0, 0, 0, 0, 0]
  - [0, 0, 0, 0, 0, 0]
  - [0, 0, 0, 0, 0, 0]
  - [0, 0, 0, 0, 0, 0]
  target_poses:
  - [0.34529152, 0.33157119, 0.13145983, 0.60743659, -0.361967, -0.60744013, -0.36196293]
  - [0.3786063, 0.27000719, 0.13146031, 0.60743659, -0.361967, -0.60744013, -0.36196293]
  - [0.37894744, 0.27786386, 0.23185456, 0.61105502, -0.35456836, -0.61193702, -0.35556453]
  - [0.33444685, 0.19433433, 0.32015586, 0.61147319, -0.34633869, -0.61642902, -0.35519757]
  - [0.33444685, 0.19433433, 0.32015586, 0.61147319, -0.34633869, -0.61642902, -0.35519757]
  - [0.21318514, -0.14577965, 0.17565459, 0.67589699, 0.19973284, -0.68170982, 0.19632057]
  - [0.27220271, -0.10814311, 0.1763016, 0.67589699, 0.19973284, -0.68170982, 0.19632057]
  - [0.28399481, 0.28559974, 0.32007849, 0.61517822, -0.34005365, -0.61977932, -0.34898835]
  - [0.03621782, 0.29592389, 0.19199359, 0.7070828, 0.00706613, -0.70706005, 0.00707567]
  - [0.41711546, -0.24722117, 0.04830116, 0.71156853, -0.00478944, -0.70256205, 0.00733802]
  - [0.41711546, -0.24722117, -0.00169885, 0.71156853, -0.00478944, -0.70256205, 0.00733802]
left_arm_19:
  constraint_poses:
  - [0, 0, 0, 0, 0, 0]
  - [1.0, 1.0, 1.0, 0.0, 0.0, 0.0]
  - [0, 0, 0, 0, 0, 0]
  - [0, 0, 0, 0, 0, 0]
  - [0, 0, 0, 0, 0, 0]
  - [0, 0, 0, 0, 0, 0]
  - [1.0, 1.0, 1.0, 0.0, 0.0, 0.0]
  - [0, 0, 0, 0, 0, 0]
  - [0, 0, 0, 0, 0, 0]
  - [0, 0, 0, 0, 0, 0]
  - [0, 0, 0, 0, 0, 0]
  target_poses:
  - [0.3758132, 0.36725244, 0.13625127, 0.56232956, -0.42869395, -0.56234073, -0.42869554]
  - [0.39435503, 0.29975283, 0.13625205, 0.56232956, -0.42869395, -0.56234073, -0.42869554]
  - [0.39403449, 0.30794007, 0.23661101, 0.56674368, -0.42188625, -0.56751296, -0.42277966]
  - [0.38087927, 0.21707152, 0.32009161, 0.56747806, -0.41477532, -0.572637, -0.42192055]
  - [0.38087927, 0.21707152, 0.32009161, 0.56747806, -0.41477532, -0.572637, -0.42192055]
  - [0.18218596, -0.08395898, 0.17895931, 0.69810792, 0.11641996, -0.69700646, 0.11521161]
  - [0.24843014, -0.06133822, 0.17887139, 0.69810792, 0.11641996, -0.69700646, 0.11521161]
  - [0.3505658, 0.31906459, 0.31999123, 0.57191532, -0.40885991, -0.57677275, -0.41602842]
  - [0.03621782, 0.29592389, 0.19199359, 0.7070828, 0.00706613, -0.70706005, 0.00707567]
  - [0.41580147, -0.09954429, 0.0550257, 0.71366559, -0.01277511, -0.70033954, 0.00653841]
  - [0.41580147, -0.09954429, 0.00502568, 0.71366559, -0.01277511, -0.70033954, 0.00653841]
left_arm_2:
  constraint_poses:
  - [0, 0, 0, 0, 0, 0]
  - [1.0, 1.0, 1.0, 0.0, 0.0, 0.0]
  - [0, 0, 0, 0, 0, 0]
  - [0, 0, 0, 0, 0, 0]
  - [0, 0, 0, 0, 0, 0]
  - [0, 0, 0, 0, 0, 0]
  - [1.0, 1.0, 1.0, 0.0, 0.0, 0.0]
  - [0, 0, 0, 0, 0, 0]
  - [0, 0, 0, 0, 0, 0]
  - [0, 0, 0, 0, 0, 0]
  - [0, 0, 0, 0, 0, 0]
  target_poses:
  - [0.52898815, 0.47642037, 0.14307714, 0.56192955, -0.42922003, -0.56193915, -0.42921992]
  - [0.54740382, 0.40888619, 0.14307791, 0.56192955, -0.42922003, -0.56193915, -0.42921992]
  - [0.54455983, 0.42095324, 0.24373657, 0.56662419, -0.42213937, -0.56728824, -0.42298868]
  - [0.37965664, 0.22156124, 0.3201896, 0.56630535, -0.41395608, -0.57334227, -0.42334058]
  - [0.37965664, 0.22156124, 0.3201896, 0.56630535, -0.41395608, -0.57334227, -0.42334058]
  - [0.18199308, -0.08227316, 0.17934716, 0.69790068, 0.113726, -0.69798985, 0.11318659]
  - [0.24838884, -0.06010101, 0.17936444, 0.69790068, 0.113726, -0.69798985, 0.11318659]
  - [0.34937284, 0.32359368, 0.32006252, 0.57077065, -0.40798961, -0.57751399, -0.41742416]
  - [0.03621782, 0.29592389, 0.19199359, 0.7070828, 0.00706613, -0.70706005, 0.00707567]
  - [0.41866399, -0.21690093, 0.06434774, 0.7148611, -0.01153416, -0.69913901, 0.00672397]
  - [0.41866399, -0.21690093, 0.01434773, 0.7148611, -0.01153416, -0.69913901, 0.00672397]
left_arm_3:
  constraint_poses:
  - [0, 0, 0, 0, 0, 0]
  - [1.0, 1.0, 1.0, 0.0, 0.0, 0.0]
  - [0, 0, 0, 0, 0, 0]
  - [0, 0, 0, 0, 0, 0]
  - [0, 0, 0, 0, 0, 0]
  - [0, 0, 0, 0, 0, 0]
  - [1.0, 1.0, 1.0, 0.0, 0.0, 0.0]
  - [0, 0, 0, 0, 0, 0]
  - [0, 0, 0, 0, 0, 0]
  - [0, 0, 0, 0, 0, 0]
  - [0, 0, 0, 0, 0, 0]
  target_poses:
  - [0.32795813, 0.42131448, 0.14652127, 0.60136406, -0.37195963, -0.60137481, -0.37196189]
  - [0.35921878, 0.35868245, 0.14652205, 0.60136406, -0.37195963, -0.60137481, -0.37196189]
  - [0.3575743, 0.36602807, 0.24676108, 0.60522347, -0.36469071, -0.60582708, -0.36562111]
  - [0.34043801, 0.1990159, 0.3199228, 0.60587948, -0.35722907, -0.61025465, -0.36453629]
  - [0.34043801, 0.1990159, 0.3199228, 0.60587948, -0.35722907, -0.61025465, -0.36453629]
  - [0.20519399, -0.13541681, 0.17859656, 0.68367613, 0.18386131, -0.68235657, 0.1821304]
  - [0.26581737, -0.10041968, 0.17851472, 0.68367613, 0.18386131, -0.68235657, 0.1821304]
  - [0.29273218, 0.29208678, 0.31981933, 0.60966357, -0.35103866, -0.61370448, -0.35839784]
  - [0.03621782, 0.29592389, 0.19199359, 0.7070828, 0.00706613, -0.70706005, 0.00707567]
  - [0.37972789, -0.19223128, 0.06377643, 0.7113952, -0.00860774, -0.70254009, 0.01673907]
  - [0.37972789, -0.19223128, 0.01377642, 0.7113952, -0.00860774, -0.70254009, 0.01673907]
left_arm_4:
  constraint_poses:
  - [0, 0, 0, 0, 0, 0]
  - [1.0, 1.0, 1.0, 0.0, 0.0, 0.0]
  - [0, 0, 0, 0, 0, 0]
  - [0, 0, 0, 0, 0, 0]
  - [0, 0, 0, 0, 0, 0]
  - [0, 0, 0, 0, 0, 0]
  - [1.0, 1.0, 1.0, 0.0, 0.0, 0.0]
  - [0, 0, 0, 0, 0, 0]
  - [0, 0, 0, 0, 0, 0]
  - [0, 0, 0, 0, 0, 0]
  - [0, 0, 0, 0, 0, 0]
  target_poses:
  - [0.38130259, 0.1539782, 0.1590113, 0.70371291, 0.06919436, -0.70371276, 0.06919994]
  - [0.44996189, 0.16761278, 0.15901124, 0.70371291, 0.06919436, -0.70371276, 0.06919994]
  - [0.45194043, 0.17447191, 0.25981355, 0.70251979, 0.07537696, -0.70369135, 0.07485152]
  - [0.2378108, -0.04963244, 0.3209759, 0.70213623, 0.0793198, -0.70295318, 0.08105497]
  - [0.2378108, -0.04963244, 0.3209759, 0.70213623, 0.0793198, -0.70295318, 0.08105497]
  - [0.176946, -0.06608752, 0.17976993, 0.70124413, 0.09350668, -0.70070616, 0.09232581]
  - [0.24452862, -0.04785053, 0.1797325, 0.70124413, 0.09350668, -0.70070616, 0.09232581]
  - [0.14866627, -0.06954301, 0.32094336, 0.70117931, 0.08731792, -0.70200412, 0.0889571]
  - [0.03621782, 0.29592389, 0.19199359, 0.7070828, 0.00706613, -0.70706005, 0.00707567]
  - [0.37876234, -0.16140975, 0.07642716, 0.70905603, -0.00305031, -0.70506715, 0.01051518]
  - [0.37876234, -0.16140975, 0.02642715, 0.70905603, -0.00305031, -0.70506715, 0.01051518]
left_arm_5:
  constraint_poses:
  - [0, 0, 0, 0, 0, 0]
  - [1.0, 1.0, 1.0, 0.0, 0.0, 0.0]
  - [0, 0, 0, 0, 0, 0]
  - [0, 0, 0, 0, 0, 0]
  - [0, 0, 0, 0, 0, 0]
  - [0, 0, 0, 0, 0, 0]
  - [1.0, 1.0, 1.0, 0.0, 0.0, 0.0]
  - [0, 0, 0, 0, 0, 0]
  - [0, 0, 0, 0, 0, 0]
  - [0, 0, 0, 0, 0, 0]
  - [0, 0, 0, 0, 0, 0]
  target_poses:
  - [0.31998704, 0.46053159, 0.13665718, 0.6160133, -0.34715987, -0.61602408, -0.34716275]
  - [0.35624116, 0.40065137, 0.13665795, 0.6160133, -0.34715987, -0.61602408, -0.34716275]
  - [0.35366734, 0.40789217, 0.23692018, 0.61961561, -0.33973346, -0.62016273, -0.34066972]
  - [0.32435743, 0.1896162, 0.31986094, 0.61986124, -0.33115873, -0.62480362, -0.34018581]
  - [0.32435743, 0.1896162, 0.31986094, 0.61986124, -0.33115873, -0.62480362, -0.34018581]
  - [0.21789787, -0.1555391, 0.17836815, 0.67558507, 0.21187605, -0.67428877, 0.20982852]
  - [0.27544932, -0.11569155, 0.1783061, 0.67558507, 0.21187605, -0.67428877, 0.20982852]
  - [0.26991753, 0.27805001, 0.31976473, 0.6234406, -0.32474626, -0.62801716, -0.33385046]
  - [0.03621782, 0.29592389, 0.19199359, 0.7070828, 0.00706613, -0.70706005, 0.00707567]
  - [0.39997608, -0.14372736, 0.05310416, 0.7111287, -0.00692041, -0.70292011, 0.01230494]
  - [0.39997608, -0.14372736, 0.00310421, 0.7111287, -0.00692041, -0.70292011, 0.01230494]
left_arm_6:
  constraint_poses:
  - [0, 0, 0, 0, 0, 0]
  - [1.0, 1.0, 1.0, 0.0, 0.0, 0.0]
  - [0, 0, 0, 0, 0, 0]
  - [0, 0, 0, 0, 0, 0]
  - [0, 0, 0, 0, 0, 0]
  - [0, 0, 0, 0, 0, 0]
  - [1.0, 1.0, 1.0, 0.0, 0.0, 0.0]
  - [0, 0, 0, 0, 0, 0]
  - [0, 0, 0, 0, 0, 0]
  - [0, 0, 0, 0, 0, 0]
  - [0, 0, 0, 0, 0, 0]
  target_poses:
  - [0.43531569, 0.35443705, 0.15678316, 0.61179806, -0.35453737, -0.61180776, -0.35453863]
  - [0.47012047, 0.29370296, 0.15678388, 0.61179806, -0.35453737, -0.61180776, -0.35453863]
  - [0.4699421, 0.3039467, 0.25745261, 0.61535158, -0.34676523, -0.616492, -0.34789929]
  - [0.3284747, 0.1933172, 0.32036102, 0.6156848, -0.33878326, -0.62082841, -0.34746253]
  - [0.3284747, 0.1933172, 0.32036102, 0.6156848, -0.33878326, -0.62082841, -0.34746253]
  - [0.21456222, -0.14947815, 0.17949277, 0.67730975, 0.20236613, -0.67785874, 0.20200736]
  - [0.27311594, -0.11111857, 0.17955506, 0.67730975, 0.20236613, -0.67785874, 0.20200736]
  - [0.27594284, 0.28317195, 0.32030821, 0.61919384, -0.33241033, -0.62426061, -0.34117597]
  - [0.03621782, 0.29592389, 0.19199359, 0.7070828, 0.00706613, -0.70706005, 0.00707567]
  - [0.42332395, -0.16339031, 0.07430559, 0.71065643, -0.01016763, -0.70336267, 0.01204241]
  - [0.42332395, -0.16339031, 0.02430558, 0.71065643, -0.01016763, -0.70336267, 0.01204241]
left_arm_7:
  constraint_poses:
  - [0, 0, 0, 0, 0, 0]
  - [1.0, 1.0, 1.0, 0.0, 0.0, 0.0]
  - [0, 0, 0, 0, 0, 0]
  - [0, 0, 0, 0, 0, 0]
  - [0, 0, 0, 0, 0, 0]
  - [0, 0, 0, 0, 0, 0]
  - [1.0, 1.0, 1.0, 0.0, 0.0, 0.0]
  - [0, 0, 0, 0, 0, 0]
  - [0, 0, 0, 0, 0, 0]
  - [0, 0, 0, 0, 0, 0]
  - [0, 0, 0, 0, 0, 0]
  target_poses:
  - [0.46570914, 0.36813563, 0.13228852, 0.56441065, -0.42596345, -0.56440867, -0.42595611]
  - [0.48490546, 0.30081922, 0.13228881, 0.56441065, -0.42596345, -0.56440867, -0.42595611]
  - [0.48458631, 0.31125605, 0.23294991, 0.56881058, -0.41893506, -0.56975431, -0.41991423]
  - [0.37807015, 0.21828805, 0.32033956, 0.56887456, -0.41093504, -0.57540551, -0.42002692]
  - [0.37807015, 0.21828805, 0.32033956, 0.56887456, -0.41093504, -0.57540551, -0.42002692]
  - [0.18367047, -0.08692233, 0.1796127, 0.696534, 0.11948313, -0.69738298, 0.11925248]
  - [0.2496808, -0.06362791, 0.17969942, 0.696534, 0.11948313, -0.69738298, 0.11925248]
  - [0.3467957, 0.31992042, 0.32024181, 0.57331575, -0.40495652, -0.57952508, -0.4140893]
  - [0.03621782, 0.29592389, 0.19199359, 0.7070828, 0.00706613, -0.70706005, 0.00707567]
  - [0.42440366, -0.1676539, 0.05150843, 0.7119807, -0.00946454, -0.70210298, 0.00673114]
  - [0.42440366, -0.1676539, 0.00150847, 0.7119807, -0.00946454, -0.70210298, 0.00673114]
left_arm_8:
  constraint_poses:
  - [0, 0, 0, 0, 0, 0]
  - [1.0, 1.0, 1.0, 0.0, 0.0, 0.0]
  - [0, 0, 0, 0, 0, 0]
  - [0, 0, 0, 0, 0, 0]
  - [0, 0, 0, 0, 0, 0]
  - [0, 0, 0, 0, 0, 0]
  - [1.0, 1.0, 1.0, 0.0, 0.0, 0.0]
  - [0, 0, 0, 0, 0, 0]
  - [0, 0, 0, 0, 0, 0]
  - [0, 0, 0, 0, 0, 0]
  - [0, 0, 0, 0, 0, 0]
  target_poses:
  - [0.55229065, 0.41767141, 0.15620083, 0.57079139, -0.41736987, -0.5707946, -0.41736447]
  - [0.57351596, 0.35096696, 0.15620142, 0.57079139, -0.41736987, -0.5707946, -0.41736447]
  - [0.57200902, 0.36380938, 0.25706542, 0.57517753, -0.40992643, -0.57629954, -0.41110822]
  - [0.37042774, 0.21840923, 0.3203994, 0.57514808, -0.40211147, -0.58189668, -0.41098334]
  - [0.37042774, 0.21840923, 0.3203994, 0.57514808, -0.40211147, -0.58189668, -0.41098334]
  - [0.18658046, -0.09508612, 0.17937022, 0.69507704, 0.12996259, -0.69513092, 0.12950151]
  - [0.25186795, -0.06983649, 0.17938381, 0.69507704, 0.12996259, -0.69513092, 0.12950151]
  - [0.33621713, 0.31869388, 0.32026315, 0.57939017, -0.39618855, -0.58585746, -0.40510825]
  - [0.03621782, 0.29592389, 0.19199359, 0.7070828, 0.00706613, -0.70706005, 0.00707567]
  - [0.39466098, -0.24978577, 0.0742383, 0.71047293, -0.00930723, -0.70343973, 0.01772397]
  - [0.39466098, -0.24978577, 0.02423829, 0.71047293, -0.00930723, -0.70343973, 0.01772397]
left_arm_9:
  constraint_poses:
  - [0, 0, 0, 0, 0, 0]
  - [1.0, 1.0, 1.0, 0.0, 0.0, 0.0]
  - [0, 0, 0, 0, 0, 0]
  - [0, 0, 0, 0, 0, 0]
  - [0, 0, 0, 0, 0, 0]
  - [0, 0, 0, 0, 0, 0]
  - [1.0, 1.0, 1.0, 0.0, 0.0, 0.0]
  - [0, 0, 0, 0, 0, 0]
  - [0, 0, 0, 0, 0, 0]
  - [0, 0, 0, 0, 0, 0]
  - [0, 0, 0, 0, 0, 0]
  target_poses:
  - [0.47787529, 0.48436177, 0.15313703, 0.61128393, -0.35542213, -0.61129426, -0.35542425]
  - [0.51250411, 0.42352721, 0.1531378, 0.61128393, -0.35542213, -0.61129426, -0.35542425]
  - [0.50931685, 0.43473026, 0.25393844, 0.61492567, -0.34759008, -0.6159254, -0.34883156]
  - [0.32759387, 0.19591764, 0.32034457, 0.61497445, -0.33943598, -0.62058384, -0.34851877]
  - [0.32759387, 0.19591764, 0.32034457, 0.61497445, -0.33943598, -0.62058384, -0.34851877]
  - [0.21403442, -0.14930223, 0.17939347, 0.67759481, 0.20181314, -0.67792611, 0.20137754]
  - [0.27265502, -0.1110449, 0.17943722, 0.67759481, 0.20181314, -0.67792611, 0.20137754]
  - [0.27526661, 0.28590217, 0.32020199, 0.61862968, -0.33306696, -0.62389604, -0.34222428]
  - [0.03621782, 0.29592389, 0.19199359, 0.7070828, 0.00706613, -0.70706005, 0.00707567]
  - [0.41537238, -0.1944678, 0.07083726, 0.71051965, -0.00533255, -0.70357736, 0.01059658]
  - [0.41537238, -0.1944678, 0.02083731, 0.71051965, -0.00533255, -0.70357736, 0.01059658]
